// !$*UTF8*$!
{
	archiveVersion = 1;
	classes = {
	};
	objectVersion = 56;
	objects = {

/* Begin PBXBuildFile section */
		8BDE3729291BE95600E5724B /* AppDelegate.swift in Sources */ = {isa = PBXBuildFile; fileRef = 8BDE3728291BE95600E5724B /* AppDelegate.swift */; };
		8BDE372B291BE95600E5724B /* SceneDelegate.swift in Sources */ = {isa = PBXBuildFile; fileRef = 8BDE372A291BE95600E5724B /* SceneDelegate.swift */; };
		8BDE372D291BE95600E5724B /* ViewController.swift in Sources */ = {isa = PBXBuildFile; fileRef = 8BDE372C291BE95600E5724B /* ViewController.swift */; };
		8BDE3730291BE95600E5724B /* Main.storyboard in Resources */ = {isa = PBXBuildFile; fileRef = 8BDE372E291BE95600E5724B /* Main.storyboard */; };
		8BDE3732291BE95700E5724B /* Assets.xcassets in Resources */ = {isa = PBXBuildFile; fileRef = 8BDE3731291BE95700E5724B /* Assets.xcassets */; };
		8BDE3735291BE95700E5724B /* LaunchScreen.storyboard in Resources */ = {isa = PBXBuildFile; fileRef = 8BDE3733291BE95700E5724B /* LaunchScreen.storyboard */; };
		8BDE3740291BE95700E5724B /* kadai10Tests.swift in Sources */ = {isa = PBXBuildFile; fileRef = 8BDE373F291BE95700E5724B /* kadai10Tests.swift */; };
		8BDE374A291BE95700E5724B /* kadai10UITests.swift in Sources */ = {isa = PBXBuildFile; fileRef = 8BDE3749291BE95700E5724B /* kadai10UITests.swift */; };
		8BDE374C291BE95700E5724B /* kadai10UITestsLaunchTests.swift in Sources */ = {isa = PBXBuildFile; fileRef = 8BDE374B291BE95700E5724B /* kadai10UITestsLaunchTests.swift */; };
/* End PBXBuildFile section */

/* Begin PBXContainerItemProxy section */
		8BDE373C291BE95700E5724B /* PBXContainerItemProxy */ = {
			isa = PBXContainerItemProxy;
			containerPortal = 8BDE371D291BE95600E5724B /* Project object */;
			proxyType = 1;
			remoteGlobalIDString = 8BDE3724291BE95600E5724B;
			remoteInfo = kadai10;
		};
		8BDE3746291BE95700E5724B /* PBXContainerItemProxy */ = {
			isa = PBXContainerItemProxy;
			containerPortal = 8BDE371D291BE95600E5724B /* Project object */;
			proxyType = 1;
			remoteGlobalIDString = 8BDE3724291BE95600E5724B;
			remoteInfo = kadai10;
		};
/* End PBXContainerItemProxy section */

/* Begin PBXFileReference section */
		8BDE3725291BE95600E5724B /* kadai10.app */ = {isa = PBXFileReference; explicitFileType = wrapper.application; includeInIndex = 0; path = kadai10.app; sourceTree = BUILT_PRODUCTS_DIR; };
		8BDE3728291BE95600E5724B /* AppDelegate.swift */ = {isa = PBXFileReference; lastKnownFileType = sourcecode.swift; path = AppDelegate.swift; sourceTree = "<group>"; };
		8BDE372A291BE95600E5724B /* SceneDelegate.swift */ = {isa = PBXFileReference; lastKnownFileType = sourcecode.swift; path = SceneDelegate.swift; sourceTree = "<group>"; };
		8BDE372C291BE95600E5724B /* ViewController.swift */ = {isa = PBXFileReference; lastKnownFileType = sourcecode.swift; path = ViewController.swift; sourceTree = "<group>"; };
		8BDE372F291BE95600E5724B /* Base */ = {isa = PBXFileReference; lastKnownFileType = file.storyboard; name = Base; path = Base.lproj/Main.storyboard; sourceTree = "<group>"; };
		8BDE3731291BE95700E5724B /* Assets.xcassets */ = {isa = PBXFileReference; lastKnownFileType = folder.assetcatalog; path = Assets.xcassets; sourceTree = "<group>"; };
		8BDE3734291BE95700E5724B /* Base */ = {isa = PBXFileReference; lastKnownFileType = file.storyboard; name = Base; path = Base.lproj/LaunchScreen.storyboard; sourceTree = "<group>"; };
		8BDE3736291BE95700E5724B /* Info.plist */ = {isa = PBXFileReference; lastKnownFileType = text.plist.xml; path = Info.plist; sourceTree = "<group>"; };
		8BDE373B291BE95700E5724B /* kadai10Tests.xctest */ = {isa = PBXFileReference; explicitFileType = wrapper.cfbundle; includeInIndex = 0; path = kadai10Tests.xctest; sourceTree = BUILT_PRODUCTS_DIR; };
		8BDE373F291BE95700E5724B /* kadai10Tests.swift */ = {isa = PBXFileReference; lastKnownFileType = sourcecode.swift; path = kadai10Tests.swift; sourceTree = "<group>"; };
		8BDE3745291BE95700E5724B /* kadai10UITests.xctest */ = {isa = PBXFileReference; explicitFileType = wrapper.cfbundle; includeInIndex = 0; path = kadai10UITests.xctest; sourceTree = BUILT_PRODUCTS_DIR; };
		8BDE3749291BE95700E5724B /* kadai10UITests.swift */ = {isa = PBXFileReference; lastKnownFileType = sourcecode.swift; path = kadai10UITests.swift; sourceTree = "<group>"; };
		8BDE374B291BE95700E5724B /* kadai10UITestsLaunchTests.swift */ = {isa = PBXFileReference; lastKnownFileType = sourcecode.swift; path = kadai10UITestsLaunchTests.swift; sourceTree = "<group>"; };
/* End PBXFileReference section */

/* Begin PBXFrameworksBuildPhase section */
		8BDE3722291BE95600E5724B /* Frameworks */ = {
			isa = PBXFrameworksBuildPhase;
			buildActionMask = 2147483647;
			files = (
			);
			runOnlyForDeploymentPostprocessing = 0;
		};
		8BDE3738291BE95700E5724B /* Frameworks */ = {
			isa = PBXFrameworksBuildPhase;
			buildActionMask = 2147483647;
			files = (
			);
			runOnlyForDeploymentPostprocessing = 0;
		};
		8BDE3742291BE95700E5724B /* Frameworks */ = {
			isa = PBXFrameworksBuildPhase;
			buildActionMask = 2147483647;
			files = (
			);
			runOnlyForDeploymentPostprocessing = 0;
		};
/* End PBXFrameworksBuildPhase section */

/* Begin PBXGroup section */
		8BDE371C291BE95600E5724B = {
			isa = PBXGroup;
			children = (
				8BDE3727291BE95600E5724B /* kadai10 */,
				8BDE373E291BE95700E5724B /* kadai10Tests */,
				8BDE3748291BE95700E5724B /* kadai10UITests */,
				8BDE3726291BE95600E5724B /* Products */,
			);
			sourceTree = "<group>";
		};
		8BDE3726291BE95600E5724B /* Products */ = {
			isa = PBXGroup;
			children = (
				8BDE3725291BE95600E5724B /* kadai10.app */,
				8BDE373B291BE95700E5724B /* kadai10Tests.xctest */,
				8BDE3745291BE95700E5724B /* kadai10UITests.xctest */,
			);
			name = Products;
			sourceTree = "<group>";
		};
		8BDE3727291BE95600E5724B /* kadai10 */ = {
			isa = PBXGroup;
			children = (
				8BDE3728291BE95600E5724B /* AppDelegate.swift */,
				8BDE372A291BE95600E5724B /* SceneDelegate.swift */,
				8BDE372C291BE95600E5724B /* ViewController.swift */,
				8BDE372E291BE95600E5724B /* Main.storyboard */,
				8BDE3731291BE95700E5724B /* Assets.xcassets */,
				8BDE3733291BE95700E5724B /* LaunchScreen.storyboard */,
				8BDE3736291BE95700E5724B /* Info.plist */,
			);
			path = kadai10;
			sourceTree = "<group>";
		};
		8BDE373E291BE95700E5724B /* kadai10Tests */ = {
			isa = PBXGroup;
			children = (
				8BDE373F291BE95700E5724B /* kadai10Tests.swift */,
			);
			path = kadai10Tests;
			sourceTree = "<group>";
		};
		8BDE3748291BE95700E5724B /* kadai10UITests */ = {
			isa = PBXGroup;
			children = (
				8BDE3749291BE95700E5724B /* kadai10UITests.swift */,
				8BDE374B291BE95700E5724B /* kadai10UITestsLaunchTests.swift */,
			);
			path = kadai10UITests;
			sourceTree = "<group>";
		};
/* End PBXGroup section */

/* Begin PBXNativeTarget section */
		8BDE3724291BE95600E5724B /* kadai10 */ = {
			isa = PBXNativeTarget;
			buildConfigurationList = 8BDE374F291BE95700E5724B /* Build configuration list for PBXNativeTarget "kadai10" */;
			buildPhases = (
				8BDE3721291BE95600E5724B /* Sources */,
				8BDE3722291BE95600E5724B /* Frameworks */,
				8BDE3723291BE95600E5724B /* Resources */,
			);
			buildRules = (
			);
			dependencies = (
			);
			name = kadai10;
			productName = kadai10;
			productReference = 8BDE3725291BE95600E5724B /* kadai10.app */;
			productType = "com.apple.product-type.application";
		};
		8BDE373A291BE95700E5724B /* kadai10Tests */ = {
			isa = PBXNativeTarget;
			buildConfigurationList = 8BDE3752291BE95700E5724B /* Build configuration list for PBXNativeTarget "kadai10Tests" */;
			buildPhases = (
				8BDE3737291BE95700E5724B /* Sources */,
				8BDE3738291BE95700E5724B /* Frameworks */,
				8BDE3739291BE95700E5724B /* Resources */,
			);
			buildRules = (
			);
			dependencies = (
				8BDE373D291BE95700E5724B /* PBXTargetDependency */,
			);
			name = kadai10Tests;
			productName = kadai10Tests;
			productReference = 8BDE373B291BE95700E5724B /* kadai10Tests.xctest */;
			productType = "com.apple.product-type.bundle.unit-test";
		};
		8BDE3744291BE95700E5724B /* kadai10UITests */ = {
			isa = PBXNativeTarget;
			buildConfigurationList = 8BDE3755291BE95700E5724B /* Build configuration list for PBXNativeTarget "kadai10UITests" */;
			buildPhases = (
				8BDE3741291BE95700E5724B /* Sources */,
				8BDE3742291BE95700E5724B /* Frameworks */,
				8BDE3743291BE95700E5724B /* Resources */,
			);
			buildRules = (
			);
			dependencies = (
				8BDE3747291BE95700E5724B /* PBXTargetDependency */,
			);
			name = kadai10UITests;
			productName = kadai10UITests;
			productReference = 8BDE3745291BE95700E5724B /* kadai10UITests.xctest */;
			productType = "com.apple.product-type.bundle.ui-testing";
		};
/* End PBXNativeTarget section */

/* Begin PBXProject section */
		8BDE371D291BE95600E5724B /* Project object */ = {
			isa = PBXProject;
			attributes = {
				BuildIndependentTargetsInParallel = 1;
				LastSwiftUpdateCheck = 1400;
				LastUpgradeCheck = 1400;
				TargetAttributes = {
					8BDE3724291BE95600E5724B = {
						CreatedOnToolsVersion = 14.0.1;
					};
					8BDE373A291BE95700E5724B = {
						CreatedOnToolsVersion = 14.0.1;
						TestTargetID = 8BDE3724291BE95600E5724B;
					};
					8BDE3744291BE95700E5724B = {
						CreatedOnToolsVersion = 14.0.1;
						TestTargetID = 8BDE3724291BE95600E5724B;
					};
				};
			};
			buildConfigurationList = 8BDE3720291BE95600E5724B /* Build configuration list for PBXProject "kadai10" */;
			compatibilityVersion = "Xcode 14.0";
			developmentRegion = en;
			hasScannedForEncodings = 0;
			knownRegions = (
				en,
				Base,
			);
			mainGroup = 8BDE371C291BE95600E5724B;
			productRefGroup = 8BDE3726291BE95600E5724B /* Products */;
			projectDirPath = "";
			projectRoot = "";
			targets = (
				8BDE3724291BE95600E5724B /* kadai10 */,
				8BDE373A291BE95700E5724B /* kadai10Tests */,
				8BDE3744291BE95700E5724B /* kadai10UITests */,
			);
		};
/* End PBXProject section */

/* Begin PBXResourcesBuildPhase section */
		8BDE3723291BE95600E5724B /* Resources */ = {
			isa = PBXResourcesBuildPhase;
			buildActionMask = 2147483647;
			files = (
				8BDE3735291BE95700E5724B /* LaunchScreen.storyboard in Resources */,
				8BDE3732291BE95700E5724B /* Assets.xcassets in Resources */,
				8BDE3730291BE95600E5724B /* Main.storyboard in Resources */,
			);
			runOnlyForDeploymentPostprocessing = 0;
		};
		8BDE3739291BE95700E5724B /* Resources */ = {
			isa = PBXResourcesBuildPhase;
			buildActionMask = 2147483647;
			files = (
			);
			runOnlyForDeploymentPostprocessing = 0;
		};
		8BDE3743291BE95700E5724B /* Resources */ = {
			isa = PBXResourcesBuildPhase;
			buildActionMask = 2147483647;
			files = (
			);
			runOnlyForDeploymentPostprocessing = 0;
		};
/* End PBXResourcesBuildPhase section */

/* Begin PBXSourcesBuildPhase section */
		8BDE3721291BE95600E5724B /* Sources */ = {
			isa = PBXSourcesBuildPhase;
			buildActionMask = 2147483647;
			files = (
				8BDE372D291BE95600E5724B /* ViewController.swift in Sources */,
				8BDE3729291BE95600E5724B /* AppDelegate.swift in Sources */,
				8BDE372B291BE95600E5724B /* SceneDelegate.swift in Sources */,
			);
			runOnlyForDeploymentPostprocessing = 0;
		};
		8BDE3737291BE95700E5724B /* Sources */ = {
			isa = PBXSourcesBuildPhase;
			buildActionMask = 2147483647;
			files = (
				8BDE3740291BE95700E5724B /* kadai10Tests.swift in Sources */,
			);
			runOnlyForDeploymentPostprocessing = 0;
		};
		8BDE3741291BE95700E5724B /* Sources */ = {
			isa = PBXSourcesBuildPhase;
			buildActionMask = 2147483647;
			files = (
				8BDE374C291BE95700E5724B /* kadai10UITestsLaunchTests.swift in Sources */,
				8BDE374A291BE95700E5724B /* kadai10UITests.swift in Sources */,
			);
			runOnlyForDeploymentPostprocessing = 0;
		};
/* End PBXSourcesBuildPhase section */

/* Begin PBXTargetDependency section */
		8BDE373D291BE95700E5724B /* PBXTargetDependency */ = {
			isa = PBXTargetDependency;
			target = 8BDE3724291BE95600E5724B /* kadai10 */;
			targetProxy = 8BDE373C291BE95700E5724B /* PBXContainerItemProxy */;
		};
		8BDE3747291BE95700E5724B /* PBXTargetDependency */ = {
			isa = PBXTargetDependency;
			target = 8BDE3724291BE95600E5724B /* kadai10 */;
			targetProxy = 8BDE3746291BE95700E5724B /* PBXContainerItemProxy */;
		};
/* End PBXTargetDependency section */

/* Begin PBXVariantGroup section */
		8BDE372E291BE95600E5724B /* Main.storyboard */ = {
			isa = PBXVariantGroup;
			children = (
				8BDE372F291BE95600E5724B /* Base */,
			);
			name = Main.storyboard;
			sourceTree = "<group>";
		};
		8BDE3733291BE95700E5724B /* LaunchScreen.storyboard */ = {
			isa = PBXVariantGroup;
			children = (
				8BDE3734291BE95700E5724B /* Base */,
			);
			name = LaunchScreen.storyboard;
			sourceTree = "<group>";
		};
/* End PBXVariantGroup section */

/* Begin XCBuildConfiguration section */
		8BDE374D291BE95700E5724B /* Debug */ = {
			isa = XCBuildConfiguration;
			buildSettings = {
				ALWAYS_SEARCH_USER_PATHS = NO;
				CLANG_ANALYZER_NONNULL = YES;
				CLANG_ANALYZER_NUMBER_OBJECT_CONVERSION = YES_AGGRESSIVE;
				CLANG_CXX_LANGUAGE_STANDARD = "gnu++20";
				CLANG_ENABLE_MODULES = YES;
				CLANG_ENABLE_OBJC_ARC = YES;
				CLANG_ENABLE_OBJC_WEAK = YES;
				CLANG_WARN_BLOCK_CAPTURE_AUTORELEASING = YES;
				CLANG_WARN_BOOL_CONVERSION = YES;
				CLANG_WARN_COMMA = YES;
				CLANG_WARN_CONSTANT_CONVERSION = YES;
				CLANG_WARN_DEPRECATED_OBJC_IMPLEMENTATIONS = YES;
				CLANG_WARN_DIRECT_OBJC_ISA_USAGE = YES_ERROR;
				CLANG_WARN_DOCUMENTATION_COMMENTS = YES;
				CLANG_WARN_EMPTY_BODY = YES;
				CLANG_WARN_ENUM_CONVERSION = YES;
				CLANG_WARN_INFINITE_RECURSION = YES;
				CLANG_WARN_INT_CONVERSION = YES;
				CLANG_WARN_NON_LITERAL_NULL_CONVERSION = YES;
				CLANG_WARN_OBJC_IMPLICIT_RETAIN_SELF = YES;
				CLANG_WARN_OBJC_LITERAL_CONVERSION = YES;
				CLANG_WARN_OBJC_ROOT_CLASS = YES_ERROR;
				CLANG_WARN_QUOTED_INCLUDE_IN_FRAMEWORK_HEADER = YES;
				CLANG_WARN_RANGE_LOOP_ANALYSIS = YES;
				CLANG_WARN_STRICT_PROTOTYPES = YES;
				CLANG_WARN_SUSPICIOUS_MOVE = YES;
				CLANG_WARN_UNGUARDED_AVAILABILITY = YES_AGGRESSIVE;
				CLANG_WARN_UNREACHABLE_CODE = YES;
				CLANG_WARN__DUPLICATE_METHOD_MATCH = YES;
				COPY_PHASE_STRIP = NO;
				DEBUG_INFORMATION_FORMAT = dwarf;
				ENABLE_STRICT_OBJC_MSGSEND = YES;
				ENABLE_TESTABILITY = YES;
				GCC_C_LANGUAGE_STANDARD = gnu11;
				GCC_DYNAMIC_NO_PIC = NO;
				GCC_NO_COMMON_BLOCKS = YES;
				GCC_OPTIMIZATION_LEVEL = 0;
				GCC_PREPROCESSOR_DEFINITIONS = (
					"DEBUG=1",
					"$(inherited)",
				);
				GCC_WARN_64_TO_32_BIT_CONVERSION = YES;
				GCC_WARN_ABOUT_RETURN_TYPE = YES_ERROR;
				GCC_WARN_UNDECLARED_SELECTOR = YES;
				GCC_WARN_UNINITIALIZED_AUTOS = YES_AGGRESSIVE;
				GCC_WARN_UNUSED_FUNCTION = YES;
				GCC_WARN_UNUSED_VARIABLE = YES;
				IPHONEOS_DEPLOYMENT_TARGET = 16.0;
				MTL_ENABLE_DEBUG_INFO = INCLUDE_SOURCE;
				MTL_FAST_MATH = YES;
				ONLY_ACTIVE_ARCH = YES;
				SDKROOT = iphoneos;
				SWIFT_ACTIVE_COMPILATION_CONDITIONS = DEBUG;
				SWIFT_OPTIMIZATION_LEVEL = "-Onone";
			};
			name = Debug;
		};
		8BDE374E291BE95700E5724B /* Release */ = {
			isa = XCBuildConfiguration;
			buildSettings = {
				ALWAYS_SEARCH_USER_PATHS = NO;
				CLANG_ANALYZER_NONNULL = YES;
				CLANG_ANALYZER_NUMBER_OBJECT_CONVERSION = YES_AGGRESSIVE;
				CLANG_CXX_LANGUAGE_STANDARD = "gnu++20";
				CLANG_ENABLE_MODULES = YES;
				CLANG_ENABLE_OBJC_ARC = YES;
				CLANG_ENABLE_OBJC_WEAK = YES;
				CLANG_WARN_BLOCK_CAPTURE_AUTORELEASING = YES;
				CLANG_WARN_BOOL_CONVERSION = YES;
				CLANG_WARN_COMMA = YES;
				CLANG_WARN_CONSTANT_CONVERSION = YES;
				CLANG_WARN_DEPRECATED_OBJC_IMPLEMENTATIONS = YES;
				CLANG_WARN_DIRECT_OBJC_ISA_USAGE = YES_ERROR;
				CLANG_WARN_DOCUMENTATION_COMMENTS = YES;
				CLANG_WARN_EMPTY_BODY = YES;
				CLANG_WARN_ENUM_CONVERSION = YES;
				CLANG_WARN_INFINITE_RECURSION = YES;
				CLANG_WARN_INT_CONVERSION = YES;
				CLANG_WARN_NON_LITERAL_NULL_CONVERSION = YES;
				CLANG_WARN_OBJC_IMPLICIT_RETAIN_SELF = YES;
				CLANG_WARN_OBJC_LITERAL_CONVERSION = YES;
				CLANG_WARN_OBJC_ROOT_CLASS = YES_ERROR;
				CLANG_WARN_QUOTED_INCLUDE_IN_FRAMEWORK_HEADER = YES;
				CLANG_WARN_RANGE_LOOP_ANALYSIS = YES;
				CLANG_WARN_STRICT_PROTOTYPES = YES;
				CLANG_WARN_SUSPICIOUS_MOVE = YES;
				CLANG_WARN_UNGUARDED_AVAILABILITY = YES_AGGRESSIVE;
				CLANG_WARN_UNREACHABLE_CODE = YES;
				CLANG_WARN__DUPLICATE_METHOD_MATCH = YES;
				COPY_PHASE_STRIP = NO;
				DEBUG_INFORMATION_FORMAT = "dwarf-with-dsym";
				ENABLE_NS_ASSERTIONS = NO;
				ENABLE_STRICT_OBJC_MSGSEND = YES;
				GCC_C_LANGUAGE_STANDARD = gnu11;
				GCC_NO_COMMON_BLOCKS = YES;
				GCC_WARN_64_TO_32_BIT_CONVERSION = YES;
				GCC_WARN_ABOUT_RETURN_TYPE = YES_ERROR;
				GCC_WARN_UNDECLARED_SELECTOR = YES;
				GCC_WARN_UNINITIALIZED_AUTOS = YES_AGGRESSIVE;
				GCC_WARN_UNUSED_FUNCTION = YES;
				GCC_WARN_UNUSED_VARIABLE = YES;
				IPHONEOS_DEPLOYMENT_TARGET = 16.0;
				MTL_ENABLE_DEBUG_INFO = NO;
				MTL_FAST_MATH = YES;
				SDKROOT = iphoneos;
				SWIFT_COMPILATION_MODE = wholemodule;
				SWIFT_OPTIMIZATION_LEVEL = "-O";
				VALIDATE_PRODUCT = YES;
			};
			name = Release;
		};
		8BDE3750291BE95700E5724B /* Debug */ = {
			isa = XCBuildConfiguration;
			buildSettings = {
				ASSETCATALOG_COMPILER_APPICON_NAME = AppIcon;
				ASSETCATALOG_COMPILER_GLOBAL_ACCENT_COLOR_NAME = AccentColor;
				CODE_SIGN_STYLE = Automatic;
				CURRENT_PROJECT_VERSION = 1;
				DEVELOPMENT_TEAM = HNN2VNVG7Y;
				GENERATE_INFOPLIST_FILE = YES;
				INFOPLIST_FILE = kadai10/Info.plist;
				INFOPLIST_KEY_UIApplicationSupportsIndirectInputEvents = YES;
				INFOPLIST_KEY_UILaunchStoryboardName = LaunchScreen;
				INFOPLIST_KEY_UIMainStoryboardFile = Main;
				INFOPLIST_KEY_UISupportedInterfaceOrientations_iPad = "UIInterfaceOrientationPortrait UIInterfaceOrientationPortraitUpsideDown UIInterfaceOrientationLandscapeLeft UIInterfaceOrientationLandscapeRight";
				INFOPLIST_KEY_UISupportedInterfaceOrientations_iPhone = "UIInterfaceOrientationPortrait UIInterfaceOrientationLandscapeLeft UIInterfaceOrientationLandscapeRight";
				LD_RUNPATH_SEARCH_PATHS = (
					"$(inherited)",
					"@executable_path/Frameworks",
				);
				MARKETING_VERSION = 1.0;
				PRODUCT_BUNDLE_IDENTIFIER = oujyu.kadai10;
				PRODUCT_NAME = "$(TARGET_NAME)";
				SWIFT_EMIT_LOC_STRINGS = YES;
				SWIFT_VERSION = 5.0;
				TARGETED_DEVICE_FAMILY = "1,2";
			};
			name = Debug;
		};
		8BDE3751291BE95700E5724B /* Release */ = {
			isa = XCBuildConfiguration;
			buildSettings = {
				ASSETCATALOG_COMPILER_APPICON_NAME = AppIcon;
				ASSETCATALOG_COMPILER_GLOBAL_ACCENT_COLOR_NAME = AccentColor;
				CODE_SIGN_STYLE = Automatic;
				CURRENT_PROJECT_VERSION = 1;
				DEVELOPMENT_TEAM = HNN2VNVG7Y;
				GENERATE_INFOPLIST_FILE = YES;
				INFOPLIST_FILE = kadai10/Info.plist;
				INFOPLIST_KEY_UIApplicationSupportsIndirectInputEvents = YES;
				INFOPLIST_KEY_UILaunchStoryboardName = LaunchScreen;
				INFOPLIST_KEY_UIMainStoryboardFile = Main;
				INFOPLIST_KEY_UISupportedInterfaceOrientations_iPad = "UIInterfaceOrientationPortrait UIInterfaceOrientationPortraitUpsideDown UIInterfaceOrientationLandscapeLeft UIInterfaceOrientationLandscapeRight";
				INFOPLIST_KEY_UISupportedInterfaceOrientations_iPhone = "UIInterfaceOrientationPortrait UIInterfaceOrientationLandscapeLeft UIInterfaceOrientationLandscapeRight";
				LD_RUNPATH_SEARCH_PATHS = (
					"$(inherited)",
					"@executable_path/Frameworks",
				);
				MARKETING_VERSION = 1.0;
				PRODUCT_BUNDLE_IDENTIFIER = oujyu.kadai10;
				PRODUCT_NAME = "$(TARGET_NAME)";
				SWIFT_EMIT_LOC_STRINGS = YES;
				SWIFT_VERSION = 5.0;
				TARGETED_DEVICE_FAMILY = "1,2";
			};
			name = Release;
		};
		8BDE3753291BE95700E5724B /* Debug */ = {
			isa = XCBuildConfiguration;
			buildSettings = {
				ALWAYS_EMBED_SWIFT_STANDARD_LIBRARIES = YES;
				BUNDLE_LOADER = "$(TEST_HOST)";
				CODE_SIGN_STYLE = Automatic;
				CURRENT_PROJECT_VERSION = 1;
				DEVELOPMENT_TEAM = HNN2VNVG7Y;
				GENERATE_INFOPLIST_FILE = YES;
				IPHONEOS_DEPLOYMENT_TARGET = 16.0;
				MARKETING_VERSION = 1.0;
				PRODUCT_BUNDLE_IDENTIFIER = oujyu.kadai10Tests;
				PRODUCT_NAME = "$(TARGET_NAME)";
				SWIFT_EMIT_LOC_STRINGS = NO;
				SWIFT_VERSION = 5.0;
				TARGETED_DEVICE_FAMILY = "1,2";
				TEST_HOST = "$(BUILT_PRODUCTS_DIR)/kadai10.app/$(BUNDLE_EXECUTABLE_FOLDER_PATH)/kadai10";
			};
			name = Debug;
		};
		8BDE3754291BE95700E5724B /* Release */ = {
			isa = XCBuildConfiguration;
			buildSettings = {
				ALWAYS_EMBED_SWIFT_STANDARD_LIBRARIES = YES;
				BUNDLE_LOADER = "$(TEST_HOST)";
				CODE_SIGN_STYLE = Automatic;
				CURRENT_PROJECT_VERSION = 1;
				DEVELOPMENT_TEAM = HNN2VNVG7Y;
				GENERATE_INFOPLIST_FILE = YES;
				IPHONEOS_DEPLOYMENT_TARGET = 16.0;
				MARKETING_VERSION = 1.0;
				PRODUCT_BUNDLE_IDENTIFIER = oujyu.kadai10Tests;
				PRODUCT_NAME = "$(TARGET_NAME)";
				SWIFT_EMIT_LOC_STRINGS = NO;
				SWIFT_VERSION = 5.0;
				TARGETED_DEVICE_FAMILY = "1,2";
				TEST_HOST = "$(BUILT_PRODUCTS_DIR)/kadai10.app/$(BUNDLE_EXECUTABLE_FOLDER_PATH)/kadai10";
			};
			name = Release;
		};
		8BDE3756291BE95700E5724B /* Debug */ = {
			isa = XCBuildConfiguration;
			buildSettings = {
				ALWAYS_EMBED_SWIFT_STANDARD_LIBRARIES = YES;
				CODE_SIGN_STYLE = Automatic;
				CURRENT_PROJECT_VERSION = 1;
				DEVELOPMENT_TEAM = HNN2VNVG7Y;
				GENERATE_INFOPLIST_FILE = YES;
				MARKETING_VERSION = 1.0;
				PRODUCT_BUNDLE_IDENTIFIER = oujyu.kadai10UITests;
				PRODUCT_NAME = "$(TARGET_NAME)";
				SWIFT_EMIT_LOC_STRINGS = NO;
				SWIFT_VERSION = 5.0;
				TARGETED_DEVICE_FAMILY = "1,2";
				TEST_TARGET_NAME = kadai10;
			};
			name = Debug;
		};
		8BDE3757291BE95700E5724B /* Release */ = {
			isa = XCBuildConfiguration;
			buildSettings = {
				ALWAYS_EMBED_SWIFT_STANDARD_LIBRARIES = YES;
				CODE_SIGN_STYLE = Automatic;
				CURRENT_PROJECT_VERSION = 1;
				DEVELOPMENT_TEAM = HNN2VNVG7Y;
				GENERATE_INFOPLIST_FILE = YES;
				MARKETING_VERSION = 1.0;
				PRODUCT_BUNDLE_IDENTIFIER = oujyu.kadai10UITests;
				PRODUCT_NAME = "$(TARGET_NAME)";
				SWIFT_EMIT_LOC_STRINGS = NO;
				SWIFT_VERSION = 5.0;
				TARGETED_DEVICE_FAMILY = "1,2";
				TEST_TARGET_NAME = kadai10;
			};
			name = Release;
		};
/* End XCBuildConfiguration section */

/* Begin XCConfigurationList section */
		8BDE3720291BE95600E5724B /* Build configuration list for PBXProject "kadai10" */ = {
			isa = XCConfigurationList;
			buildConfigurations = (
				8BDE374D291BE95700E5724B /* Debug */,
				8BDE374E291BE95700E5724B /* Release */,
			);
			defaultConfigurationIsVisible = 0;
			defaultConfigurationName = Release;
		};
		8BDE374F291BE95700E5724B /* Build configuration list for PBXNativeTarget "kadai10" */ = {
			isa = XCConfigurationList;
			buildConfigurations = (
				8BDE3750291BE95700E5724B /* Debug */,
				8BDE3751291BE95700E5724B /* Release */,
			);
			defaultConfigurationIsVisible = 0;
			defaultConfigurationName = Release;
		};
		8BDE3752291BE95700E5724B /* Build configuration list for PBXNativeTarget "kadai10Tests" */ = {
			isa = XCConfigurationList;
			buildConfigurations = (
				8BDE3753291BE95700E5724B /* Debug */,
				8BDE3754291BE95700E5724B /* Release */,
			);
			defaultConfigurationIsVisible = 0;
			defaultConfigurationName = Release;
		};
		8BDE3755291BE95700E5724B /* Build configuration list for PBXNativeTarget "kadai10UITests" */ = {
			isa = XCConfigurationList;
			buildConfigurations = (
				8BDE3756291BE95700E5724B /* Debug */,
				8BDE3757291BE95700E5724B /* Release */,
			);
			defaultConfigurationIsVisible = 0;
			defaultConfigurationName = Release;
		};
/* End XCConfigurationList section */
	};
	rootObject = 8BDE371D291BE95600E5724B /* Project object */;
}
